
Microsoft Visual Studio Solution File, Format Version 10.00
# Visual Studio 2008
Project("{8BC9CEB8-8B4A-11D0-8D11-00A0C91BC942}") = "AnchorTest", "AnchorTest\AnchorTest.vcproj", "{1A33FBAD-E1C1-4FB4-A1D2-931CC162AAAE}"
EndProject
Project("{8BC9CEB8-8B4A-11D0-8D11-00A0C91BC942}") = "ApplicationTest", "ApplicationTest\ApplicationTest.vcproj", "{C00DE136-2345-4E2A-AB9B-C83936751418}"
EndProject
Project("{8BC9CEB8-8B4A-11D0-8D11-00A0C91BC942}") = "ClipboardTest", "ClipboardTest\ClipboardTest.vcproj", "{17707244-3372-4E43-BF7C-8D89252C1D7D}"
EndProject
Project("{8BC9CEB8-8B4A-11D0-8D11-00A0C91BC942}") = "CreateFileTest", "CreateFileTest\CreateFileTest.vcproj", "{5DE9B8D4-BA4E-42CE-B9D1-B502E33A25B9}"
EndProject
Project("{8BC9CEB8-8B4A-11D0-8D11-00A0C91BC942}") = "DESTest", "DESTest\DESTest.vcproj", "{944ED994-5BFA-4E50-A09B-A03A1F43805C}"
EndProject
Project("{8BC9CEB8-8B4A-11D0-8D11-00A0C91BC942}") = "HashTableTest", "HashTableTest\HashTableTest.vcproj", "{731DDFCF-9B88-4D68-8EF6-615C37257450}"
EndProject
Project("{8BC9CEB8-8B4A-11D0-8D11-00A0C91BC942}") = "LockFileTest", "LockFileTest\LockFileTest.vcproj", "{04050BC8-50D0-4F16-A0F5-EE491DB63EDB}"
EndProject
Project("{8BC9CEB8-8B4A-11D0-8D11-00A0C91BC942}") = "ProxySocketsT", "ProxySocketsT\ProxySocketsT.vcproj", "{9D128C71-3FAF-4ACE-A38F-6666AFE9C333}"
EndProject
Project("{8BC9CEB8-8B4A-11D0-8D11-00A0C91BC942}") = "ServiceTest", "ServiceTest\ServiceTest.vcproj", "{06D7B0B8-3184-4430-BAFA-D648F9AFF3E8}"
EndProject
Project("{8BC9CEB8-8B4A-11D0-8D11-00A0C91BC942}") = "ShellCacheTest", "ShellCacheTest\ShellCacheTest.vcproj", "{8AB94963-3C26-4777-AB08-2986B6B441E5}"
EndProject
Project("{8BC9CEB8-8B4A-11D0-8D11-00A0C91BC942}") = "TimeTest", "TimeTest\TimeTest.vcproj", "{C8B83736-C844-4557-86F0-0BB935AF0309}"
EndProject
Project("{8BC9CEB8-8B4A-11D0-8D11-00A0C91BC942}") = "Watcher", "Watcher\Watcher.vcproj", "{AF0D8655-EEEC-4E94-9452-E984F57AF7BB}"
EndProject
Project("{8BC9CEB8-8B4A-11D0-8D11-00A0C91BC942}") = "multi-sockets", "multi-sockets\multi-sockets.vcproj", "{171BB91F-2EA1-4DC3-9364-8F767ABCD54F}"
EndProject
Project("{8BC9CEB8-8B4A-11D0-8D11-00A0C91BC942}") = "FileSystem", "FileSystem\FileSystem.vcproj", "{F2A20161-84C5-4D9A-9793-EC68E960717D}"
EndProject
Project("{8BC9CEB8-8B4A-11D0-8D11-00A0C91BC942}") = "file_dump", "file_dump\file_dump.vcproj", "{EAA08E5B-7E64-4ACE-8DD8-CECA8CA97E57}"
EndProject
Project("{8BC9CEB8-8B4A-11D0-8D11-00A0C91BC942}") = "folder_dump", "folder_dump\folder_dump.vcproj", "{D02D8866-147D-402C-AE5C-9785C822FED7}"
EndProject
Project("{8BC9CEB8-8B4A-11D0-8D11-00A0C91BC942}") = "nsake_dump", "nsake_dump\nsake_dump.vcproj", "{B54F7F99-6BF9-445D-8D3A-C74F8081E98C}"
EndProject
Project("{8BC9CEB8-8B4A-11D0-8D11-00A0C91BC942}") = "file_bin", "file_bin\file_bin.vcproj", "{323E40A4-E8E8-447A-A410-4D7165706911}"
EndProject
Project("{8BC9CEB8-8B4A-11D0-8D11-00A0C91BC942}") = "folder_bin", "folder_bin\folder_bin.vcproj", "{08118225-155A-4CCA-A9C5-F53A9F53CDF9}"
EndProject
Project("{8BC9CEB8-8B4A-11D0-8D11-00A0C91BC942}") = "OverlaysTest", "OverlaysTest\OverlaysTest.vcproj", "{003D5107-48F6-46E5-8C5E-3966AAC00585}"
EndProject
Project("{8BC9CEB8-8B4A-11D0-8D11-00A0C91BC942}") = "SDOverlays", "SDOverlays\SDOverlays.vcproj", "{6D30700A-0497-40FC-8217-8E8232BFDB63}"
EndProject
Project("{8BC9CEB8-8B4A-11D0-8D11-00A0C91BC942}") = "osIPC", "osIPC\osIPC.vcproj", "{C1B29667-3DF1-4140-8E6D-8DA0E104A980}"
EndProject
Project("{8BC9CEB8-8B4A-11D0-8D11-00A0C91BC942}") = "RiverT", "RiverT\RiverT.vcproj", "{23CA2D41-3A57-4834-9D18-CFC0975754B9}"
EndProject
Project("{8BC9CEB8-8B4A-11D0-8D11-00A0C91BC942}") = "test", "test\test.vcproj", "{9DA7B718-09F7-41B4-ABFF-B36204E33682}"
EndProject
Project("{8BC9CEB8-8B4A-11D0-8D11-00A0C91BC942}") = "dbsake_dump", "dbsake_dump\dbsake_dump.vcproj", "{CAAD6FE9-875A-4EF8-840D-15FC5BF98A8F}"
EndProject
Project("{8BC9CEB8-8B4A-11D0-8D11-00A0C91BC942}") = "anch_dump", "anch_dump\anch_dump.vcproj", "{C6EFEA57-B915-435F-AB04-E5830AC56C53}"
EndProject
Project("{8BC9CEB8-8B4A-11D0-8D11-00A0C91BC942}") = "LockedTest", "LockedTest\LockedTest.vcproj", "{90969D63-9486-4E53-8B51-6D1035D88384}"
EndProject
Project("{8BC9CEB8-8B4A-11D0-8D11-00A0C91BC942}") = "chks_t", "chks_t\chks_t.vcproj", "{BF75679F-3CC3-4971-8D33-D6AB7F4916DC}"
EndProject
Project("{8BC9CEB8-8B4A-11D0-8D11-00A0C91BC942}") = "recursive", "recursive\recursive.vcproj", "{CD4C6242-724D-422E-990B-CBE0B26E62E6}"
EndProject
Project("{8BC9CEB8-8B4A-11D0-8D11-00A0C91BC942}") = "locked_t", "locked_t\locked_t.vcproj", "{FDF039C9-273E-4417-AAAE-FB1E56D6AAEB}"
EndProject
Project("{8BC9CEB8-8B4A-11D0-8D11-00A0C91BC942}") = "lock_action", "lock_action\lock_action.vcproj", "{18667EA5-AD30-4328-955A-2179DF36453A}"
EndProject
Project("{8BC9CEB8-8B4A-11D0-8D11-00A0C91BC942}") = "osIPC_link", "osIPC_link\osIPC_link.vcproj", "{C218A539-51E0-44D7-B7A6-1E3D8CE8FC44}"
EndProject
Project("{8BC9CEB8-8B4A-11D0-8D11-00A0C91BC942}") = "file_time", "file_time\file_time.vcproj", "{88EE230A-F9F5-433C-B3FC-058AA892D32D}"
EndProject
Project("{8BC9CEB8-8B4A-11D0-8D11-00A0C91BC942}") = "folder_time", "folder_time\folder_time.vcproj", "{14558D37-D80D-42D4-B5EF-83C8F89353CC}"
EndProject
Project("{8BC9CEB8-8B4A-11D0-8D11-00A0C91BC942}") = "file_chks", "file_chks\file_chks.vcproj", "{EC7FC539-9C84-4FF1-AE86-2971622B5BBD}"
EndProject
Project("{8BC9CEB8-8B4A-11D0-8D11-00A0C91BC942}") = "adlmd5", "adlmd5\adlmd5.vcproj", "{807F67A2-5476-462D-8837-00C41B3A945B}"
EndProject
Project("{8BC9CEB8-8B4A-11D0-8D11-00A0C91BC942}") = "matcher", "matcher\matcher.vcproj", "{6EB784E8-3439-4793-9A41-16E01A86BA64}"
EndProject
Project("{8BC9CEB8-8B4A-11D0-8D11-00A0C91BC942}") = "chkchks", "chkchks\chkchks.vcproj", "{82C7FC58-2942-4FEA-8D4A-AB9C88584060}"
EndProject
Global
	GlobalSection(SolutionConfigurationPlatforms) = preSolution
		Debug|Win32 = Debug|Win32
		Release|Win32 = Release|Win32
	EndGlobalSection
	GlobalSection(ProjectConfigurationPlatforms) = postSolution
		{1A33FBAD-E1C1-4FB4-A1D2-931CC162AAAE}.Debug|Win32.ActiveCfg = Debug|Win32
		{1A33FBAD-E1C1-4FB4-A1D2-931CC162AAAE}.Debug|Win32.Build.0 = Debug|Win32
		{1A33FBAD-E1C1-4FB4-A1D2-931CC162AAAE}.Release|Win32.ActiveCfg = Release|Win32
		{1A33FBAD-E1C1-4FB4-A1D2-931CC162AAAE}.Release|Win32.Build.0 = Release|Win32
		{C00DE136-2345-4E2A-AB9B-C83936751418}.Debug|Win32.ActiveCfg = Debug|Win32
		{C00DE136-2345-4E2A-AB9B-C83936751418}.Debug|Win32.Build.0 = Debug|Win32
		{C00DE136-2345-4E2A-AB9B-C83936751418}.Release|Win32.ActiveCfg = Release|Win32
		{C00DE136-2345-4E2A-AB9B-C83936751418}.Release|Win32.Build.0 = Release|Win32
		{17707244-3372-4E43-BF7C-8D89252C1D7D}.Debug|Win32.ActiveCfg = Debug|Win32
		{17707244-3372-4E43-BF7C-8D89252C1D7D}.Debug|Win32.Build.0 = Debug|Win32
		{17707244-3372-4E43-BF7C-8D89252C1D7D}.Release|Win32.ActiveCfg = Release|Win32
		{17707244-3372-4E43-BF7C-8D89252C1D7D}.Release|Win32.Build.0 = Release|Win32
		{5DE9B8D4-BA4E-42CE-B9D1-B502E33A25B9}.Debug|Win32.ActiveCfg = Debug|Win32
		{5DE9B8D4-BA4E-42CE-B9D1-B502E33A25B9}.Debug|Win32.Build.0 = Debug|Win32
		{5DE9B8D4-BA4E-42CE-B9D1-B502E33A25B9}.Release|Win32.ActiveCfg = Release|Win32
		{5DE9B8D4-BA4E-42CE-B9D1-B502E33A25B9}.Release|Win32.Build.0 = Release|Win32
		{944ED994-5BFA-4E50-A09B-A03A1F43805C}.Debug|Win32.ActiveCfg = Debug|Win32
		{944ED994-5BFA-4E50-A09B-A03A1F43805C}.Debug|Win32.Build.0 = Debug|Win32
		{944ED994-5BFA-4E50-A09B-A03A1F43805C}.Release|Win32.ActiveCfg = Release|Win32
		{944ED994-5BFA-4E50-A09B-A03A1F43805C}.Release|Win32.Build.0 = Release|Win32
		{731DDFCF-9B88-4D68-8EF6-615C37257450}.Debug|Win32.ActiveCfg = Debug|Win32
		{731DDFCF-9B88-4D68-8EF6-615C37257450}.Debug|Win32.Build.0 = Debug|Win32
		{731DDFCF-9B88-4D68-8EF6-615C37257450}.Release|Win32.ActiveCfg = Release|Win32
		{731DDFCF-9B88-4D68-8EF6-615C37257450}.Release|Win32.Build.0 = Release|Win32
		{04050BC8-50D0-4F16-A0F5-EE491DB63EDB}.Debug|Win32.ActiveCfg = Debug|Win32
		{04050BC8-50D0-4F16-A0F5-EE491DB63EDB}.Debug|Win32.Build.0 = Debug|Win32
		{04050BC8-50D0-4F16-A0F5-EE491DB63EDB}.Release|Win32.ActiveCfg = Release|Win32
		{04050BC8-50D0-4F16-A0F5-EE491DB63EDB}.Release|Win32.Build.0 = Release|Win32
		{9D128C71-3FAF-4ACE-A38F-6666AFE9C333}.Debug|Win32.ActiveCfg = Debug|Win32
		{9D128C71-3FAF-4ACE-A38F-6666AFE9C333}.Debug|Win32.Build.0 = Debug|Win32
		{9D128C71-3FAF-4ACE-A38F-6666AFE9C333}.Release|Win32.ActiveCfg = Release|Win32
		{9D128C71-3FAF-4ACE-A38F-6666AFE9C333}.Release|Win32.Build.0 = Release|Win32
		{06D7B0B8-3184-4430-BAFA-D648F9AFF3E8}.Debug|Win32.ActiveCfg = Debug|Win32
		{06D7B0B8-3184-4430-BAFA-D648F9AFF3E8}.Debug|Win32.Build.0 = Debug|Win32
		{06D7B0B8-3184-4430-BAFA-D648F9AFF3E8}.Release|Win32.ActiveCfg = Release|Win32
		{06D7B0B8-3184-4430-BAFA-D648F9AFF3E8}.Release|Win32.Build.0 = Release|Win32
		{8AB94963-3C26-4777-AB08-2986B6B441E5}.Debug|Win32.ActiveCfg = Debug|Win32
		{8AB94963-3C26-4777-AB08-2986B6B441E5}.Debug|Win32.Build.0 = Debug|Win32
		{8AB94963-3C26-4777-AB08-2986B6B441E5}.Release|Win32.ActiveCfg = Release|Win32
		{8AB94963-3C26-4777-AB08-2986B6B441E5}.Release|Win32.Build.0 = Release|Win32
		{C8B83736-C844-4557-86F0-0BB935AF0309}.Debug|Win32.ActiveCfg = Debug|Win32
		{C8B83736-C844-4557-86F0-0BB935AF0309}.Debug|Win32.Build.0 = Debug|Win32
		{C8B83736-C844-4557-86F0-0BB935AF0309}.Release|Win32.ActiveCfg = Release|Win32
		{C8B83736-C844-4557-86F0-0BB935AF0309}.Release|Win32.Build.0 = Release|Win32
		{AF0D8655-EEEC-4E94-9452-E984F57AF7BB}.Debug|Win32.ActiveCfg = Debug|Win32
		{AF0D8655-EEEC-4E94-9452-E984F57AF7BB}.Debug|Win32.Build.0 = Debug|Win32
		{AF0D8655-EEEC-4E94-9452-E984F57AF7BB}.Release|Win32.ActiveCfg = Release|Win32
		{AF0D8655-EEEC-4E94-9452-E984F57AF7BB}.Release|Win32.Build.0 = Release|Win32
		{171BB91F-2EA1-4DC3-9364-8F767ABCD54F}.Debug|Win32.ActiveCfg = Debug|Win32
		{171BB91F-2EA1-4DC3-9364-8F767ABCD54F}.Debug|Win32.Build.0 = Debug|Win32
		{171BB91F-2EA1-4DC3-9364-8F767ABCD54F}.Release|Win32.ActiveCfg = Release|Win32
		{171BB91F-2EA1-4DC3-9364-8F767ABCD54F}.Release|Win32.Build.0 = Release|Win32
		{F2A20161-84C5-4D9A-9793-EC68E960717D}.Debug|Win32.ActiveCfg = Debug|Win32
		{F2A20161-84C5-4D9A-9793-EC68E960717D}.Debug|Win32.Build.0 = Debug|Win32
		{F2A20161-84C5-4D9A-9793-EC68E960717D}.Release|Win32.ActiveCfg = Release|Win32
		{F2A20161-84C5-4D9A-9793-EC68E960717D}.Release|Win32.Build.0 = Release|Win32
		{EAA08E5B-7E64-4ACE-8DD8-CECA8CA97E57}.Debug|Win32.ActiveCfg = Debug|Win32
		{EAA08E5B-7E64-4ACE-8DD8-CECA8CA97E57}.Debug|Win32.Build.0 = Debug|Win32
		{EAA08E5B-7E64-4ACE-8DD8-CECA8CA97E57}.Release|Win32.ActiveCfg = Release|Win32
		{EAA08E5B-7E64-4ACE-8DD8-CECA8CA97E57}.Release|Win32.Build.0 = Release|Win32
		{D02D8866-147D-402C-AE5C-9785C822FED7}.Debug|Win32.ActiveCfg = Debug|Win32
		{D02D8866-147D-402C-AE5C-9785C822FED7}.Debug|Win32.Build.0 = Debug|Win32
		{D02D8866-147D-402C-AE5C-9785C822FED7}.Release|Win32.ActiveCfg = Release|Win32
		{D02D8866-147D-402C-AE5C-9785C822FED7}.Release|Win32.Build.0 = Release|Win32
		{B54F7F99-6BF9-445D-8D3A-C74F8081E98C}.Debug|Win32.ActiveCfg = Debug|Win32
		{B54F7F99-6BF9-445D-8D3A-C74F8081E98C}.Debug|Win32.Build.0 = Debug|Win32
		{B54F7F99-6BF9-445D-8D3A-C74F8081E98C}.Release|Win32.ActiveCfg = Release|Win32
		{B54F7F99-6BF9-445D-8D3A-C74F8081E98C}.Release|Win32.Build.0 = Release|Win32
		{323E40A4-E8E8-447A-A410-4D7165706911}.Debug|Win32.ActiveCfg = Debug|Win32
		{323E40A4-E8E8-447A-A410-4D7165706911}.Debug|Win32.Build.0 = Debug|Win32
		{323E40A4-E8E8-447A-A410-4D7165706911}.Release|Win32.ActiveCfg = Release|Win32
		{323E40A4-E8E8-447A-A410-4D7165706911}.Release|Win32.Build.0 = Release|Win32
		{08118225-155A-4CCA-A9C5-F53A9F53CDF9}.Debug|Win32.ActiveCfg = Debug|Win32
		{08118225-155A-4CCA-A9C5-F53A9F53CDF9}.Debug|Win32.Build.0 = Debug|Win32
		{08118225-155A-4CCA-A9C5-F53A9F53CDF9}.Release|Win32.ActiveCfg = Release|Win32
		{08118225-155A-4CCA-A9C5-F53A9F53CDF9}.Release|Win32.Build.0 = Release|Win32
		{003D5107-48F6-46E5-8C5E-3966AAC00585}.Debug|Win32.ActiveCfg = Debug|Win32
		{003D5107-48F6-46E5-8C5E-3966AAC00585}.Debug|Win32.Build.0 = Debug|Win32
		{003D5107-48F6-46E5-8C5E-3966AAC00585}.Release|Win32.ActiveCfg = Release|Win32
		{003D5107-48F6-46E5-8C5E-3966AAC00585}.Release|Win32.Build.0 = Release|Win32
		{6D30700A-0497-40FC-8217-8E8232BFDB63}.Debug|Win32.ActiveCfg = Debug|Win32
		{6D30700A-0497-40FC-8217-8E8232BFDB63}.Debug|Win32.Build.0 = Debug|Win32
		{6D30700A-0497-40FC-8217-8E8232BFDB63}.Release|Win32.ActiveCfg = Release|Win32
		{6D30700A-0497-40FC-8217-8E8232BFDB63}.Release|Win32.Build.0 = Release|Win32
		{C1B29667-3DF1-4140-8E6D-8DA0E104A980}.Debug|Win32.ActiveCfg = Debug|Win32
		{C1B29667-3DF1-4140-8E6D-8DA0E104A980}.Debug|Win32.Build.0 = Debug|Win32
		{C1B29667-3DF1-4140-8E6D-8DA0E104A980}.Release|Win32.ActiveCfg = Release|Win32
		{C1B29667-3DF1-4140-8E6D-8DA0E104A980}.Release|Win32.Build.0 = Release|Win32
		{23CA2D41-3A57-4834-9D18-CFC0975754B9}.Debug|Win32.ActiveCfg = Debug|Win32
		{23CA2D41-3A57-4834-9D18-CFC0975754B9}.Debug|Win32.Build.0 = Debug|Win32
		{23CA2D41-3A57-4834-9D18-CFC0975754B9}.Release|Win32.ActiveCfg = Release|Win32
		{23CA2D41-3A57-4834-9D18-CFC0975754B9}.Release|Win32.Build.0 = Release|Win32
		{9DA7B718-09F7-41B4-ABFF-B36204E33682}.Debug|Win32.ActiveCfg = Debug|Win32
		{9DA7B718-09F7-41B4-ABFF-B36204E33682}.Debug|Win32.Build.0 = Debug|Win32
		{9DA7B718-09F7-41B4-ABFF-B36204E33682}.Release|Win32.ActiveCfg = Release|Win32
		{9DA7B718-09F7-41B4-ABFF-B36204E33682}.Release|Win32.Build.0 = Release|Win32
		{CAAD6FE9-875A-4EF8-840D-15FC5BF98A8F}.Debug|Win32.ActiveCfg = Debug|Win32
		{CAAD6FE9-875A-4EF8-840D-15FC5BF98A8F}.Debug|Win32.Build.0 = Debug|Win32
		{CAAD6FE9-875A-4EF8-840D-15FC5BF98A8F}.Release|Win32.ActiveCfg = Release|Win32
		{CAAD6FE9-875A-4EF8-840D-15FC5BF98A8F}.Release|Win32.Build.0 = Release|Win32
		{C6EFEA57-B915-435F-AB04-E5830AC56C53}.Debug|Win32.ActiveCfg = Debug|Win32
		{C6EFEA57-B915-435F-AB04-E5830AC56C53}.Debug|Win32.Build.0 = Debug|Win32
		{C6EFEA57-B915-435F-AB04-E5830AC56C53}.Release|Win32.ActiveCfg = Release|Win32
		{C6EFEA57-B915-435F-AB04-E5830AC56C53}.Release|Win32.Build.0 = Release|Win32
		{90969D63-9486-4E53-8B51-6D1035D88384}.Debug|Win32.ActiveCfg = Debug|Win32
		{90969D63-9486-4E53-8B51-6D1035D88384}.Debug|Win32.Build.0 = Debug|Win32
		{90969D63-9486-4E53-8B51-6D1035D88384}.Release|Win32.ActiveCfg = Release|Win32
		{90969D63-9486-4E53-8B51-6D1035D88384}.Release|Win32.Build.0 = Release|Win32
		{BF75679F-3CC3-4971-8D33-D6AB7F4916DC}.Debug|Win32.ActiveCfg = Debug|Win32
		{BF75679F-3CC3-4971-8D33-D6AB7F4916DC}.Debug|Win32.Build.0 = Debug|Win32
		{BF75679F-3CC3-4971-8D33-D6AB7F4916DC}.Release|Win32.ActiveCfg = Release|Win32
		{BF75679F-3CC3-4971-8D33-D6AB7F4916DC}.Release|Win32.Build.0 = Release|Win32
		{CD4C6242-724D-422E-990B-CBE0B26E62E6}.Debug|Win32.ActiveCfg = Debug|Win32
		{CD4C6242-724D-422E-990B-CBE0B26E62E6}.Debug|Win32.Build.0 = Debug|Win32
		{CD4C6242-724D-422E-990B-CBE0B26E62E6}.Release|Win32.ActiveCfg = Release|Win32
		{CD4C6242-724D-422E-990B-CBE0B26E62E6}.Release|Win32.Build.0 = Release|Win32
		{FDF039C9-273E-4417-AAAE-FB1E56D6AAEB}.Debug|Win32.ActiveCfg = Debug|Win32
		{FDF039C9-273E-4417-AAAE-FB1E56D6AAEB}.Debug|Win32.Build.0 = Debug|Win32
		{FDF039C9-273E-4417-AAAE-FB1E56D6AAEB}.Release|Win32.ActiveCfg = Release|Win32
		{FDF039C9-273E-4417-AAAE-FB1E56D6AAEB}.Release|Win32.Build.0 = Release|Win32
		{18667EA5-AD30-4328-955A-2179DF36453A}.Debug|Win32.ActiveCfg = Debug|Win32
		{18667EA5-AD30-4328-955A-2179DF36453A}.Debug|Win32.Build.0 = Debug|Win32
		{18667EA5-AD30-4328-955A-2179DF36453A}.Release|Win32.ActiveCfg = Release|Win32
		{18667EA5-AD30-4328-955A-2179DF36453A}.Release|Win32.Build.0 = Release|Win32
		{C218A539-51E0-44D7-B7A6-1E3D8CE8FC44}.Debug|Win32.ActiveCfg = Debug|Win32
		{C218A539-51E0-44D7-B7A6-1E3D8CE8FC44}.Debug|Win32.Build.0 = Debug|Win32
		{C218A539-51E0-44D7-B7A6-1E3D8CE8FC44}.Release|Win32.ActiveCfg = Release|Win32
		{C218A539-51E0-44D7-B7A6-1E3D8CE8FC44}.Release|Win32.Build.0 = Release|Win32
		{88EE230A-F9F5-433C-B3FC-058AA892D32D}.Debug|Win32.ActiveCfg = Debug|Win32
		{88EE230A-F9F5-433C-B3FC-058AA892D32D}.Debug|Win32.Build.0 = Debug|Win32
		{88EE230A-F9F5-433C-B3FC-058AA892D32D}.Release|Win32.ActiveCfg = Release|Win32
		{88EE230A-F9F5-433C-B3FC-058AA892D32D}.Release|Win32.Build.0 = Release|Win32
		{14558D37-D80D-42D4-B5EF-83C8F89353CC}.Debug|Win32.ActiveCfg = Debug|Win32
		{14558D37-D80D-42D4-B5EF-83C8F89353CC}.Debug|Win32.Build.0 = Debug|Win32
		{14558D37-D80D-42D4-B5EF-83C8F89353CC}.Release|Win32.ActiveCfg = Release|Win32
		{14558D37-D80D-42D4-B5EF-83C8F89353CC}.Release|Win32.Build.0 = Release|Win32
		{EC7FC539-9C84-4FF1-AE86-2971622B5BBD}.Debug|Win32.ActiveCfg = Debug|Win32
		{EC7FC539-9C84-4FF1-AE86-2971622B5BBD}.Debug|Win32.Build.0 = Debug|Win32
		{EC7FC539-9C84-4FF1-AE86-2971622B5BBD}.Release|Win32.ActiveCfg = Release|Win32
		{EC7FC539-9C84-4FF1-AE86-2971622B5BBD}.Release|Win32.Build.0 = Release|Win32
		{807F67A2-5476-462D-8837-00C41B3A945B}.Debug|Win32.ActiveCfg = Debug|Win32
		{807F67A2-5476-462D-8837-00C41B3A945B}.Debug|Win32.Build.0 = Debug|Win32
		{807F67A2-5476-462D-8837-00C41B3A945B}.Release|Win32.ActiveCfg = Release|Win32
		{807F67A2-5476-462D-8837-00C41B3A945B}.Release|Win32.Build.0 = Release|Win32
		{6EB784E8-3439-4793-9A41-16E01A86BA64}.Debug|Win32.ActiveCfg = Debug|Win32
		{6EB784E8-3439-4793-9A41-16E01A86BA64}.Debug|Win32.Build.0 = Debug|Win32
		{6EB784E8-3439-4793-9A41-16E01A86BA64}.Release|Win32.ActiveCfg = Release|Win32
		{6EB784E8-3439-4793-9A41-16E01A86BA64}.Release|Win32.Build.0 = Release|Win32
		{82C7FC58-2942-4FEA-8D4A-AB9C88584060}.Debug|Win32.ActiveCfg = Debug|Win32
		{82C7FC58-2942-4FEA-8D4A-AB9C88584060}.Debug|Win32.Build.0 = Debug|Win32
		{82C7FC58-2942-4FEA-8D4A-AB9C88584060}.Release|Win32.ActiveCfg = Release|Win32
		{82C7FC58-2942-4FEA-8D4A-AB9C88584060}.Release|Win32.Build.0 = Release|Win32
	EndGlobalSection
	GlobalSection(SolutionProperties) = preSolution
		HideSolutionNode = FALSE
	EndGlobalSection
EndGlobal
