<?xml version="1.0" encoding="utf-8"?>
<Project ToolsVersion="4.0" xmlns="http://schemas.microsoft.com/developer/msbuild/2003">
  <ItemGroup>
    <Filter Include="源文件">
      <UniqueIdentifier>{4FC737F1-C7A5-4376-A066-2A32D752A2FF}</UniqueIdentifier>
      <Extensions>cpp;c;cc;cxx;def;odl;idl;hpj;bat;asm;asmx</Extensions>
    </Filter>
    <Filter Include="源文件\clientcom">
      <UniqueIdentifier>{b1daae55-3e60-478f-bdf7-46a8f619aba7}</UniqueIdentifier>
    </Filter>
    <Filter Include="源文件\clientcom\utility">
      <UniqueIdentifier>{2cd0f5d9-357c-4a83-aac7-5c4b82c30c5f}</UniqueIdentifier>
    </Filter>
    <Filter Include="源文件\third party">
      <UniqueIdentifier>{7736d2d3-6139-4e21-a92b-160c30b18048}</UniqueIdentifier>
    </Filter>
    <Filter Include="源文件\third party\RiverFS">
      <UniqueIdentifier>{64e65b7a-bf70-4e44-98ba-9b82025cf369}</UniqueIdentifier>
    </Filter>
    <Filter Include="头文件">
      <UniqueIdentifier>{93995380-89BD-4b04-88EB-625FBE52EBFB}</UniqueIdentifier>
      <Extensions>h;hpp;hxx;hm;inl;inc;xsd</Extensions>
    </Filter>
    <Filter Include="头文件\clientcom">
      <UniqueIdentifier>{140692d9-7f60-41e7-88fd-06c34833f8c5}</UniqueIdentifier>
    </Filter>
    <Filter Include="头文件\clientcom\utility">
      <UniqueIdentifier>{41442f4a-7b65-41a6-aa53-8f4bb15ecd95}</UniqueIdentifier>
    </Filter>
    <Filter Include="头文件\third party">
      <UniqueIdentifier>{9170e1d3-b264-42fe-9cc4-d06defeeac1e}</UniqueIdentifier>
    </Filter>
    <Filter Include="头文件\third party\RiverFS">
      <UniqueIdentifier>{9fa4962e-65f5-459f-a38b-cab20ccb90b2}</UniqueIdentifier>
    </Filter>
    <Filter Include="资源文件">
      <UniqueIdentifier>{67DA6AB6-F800-4c08-8B7A-83BB121AAD01}</UniqueIdentifier>
      <Extensions>rc;ico;cur;bmp;dlg;rc2;rct;bin;rgs;gif;jpg;jpeg;jpe;resx;tiff;tif;png;wav</Extensions>
    </Filter>
  </ItemGroup>
  <ItemGroup>
    <ClCompile Include="ButtonDlg.cpp">
      <Filter>源文件</Filter>
    </ClCompile>
    <ClCompile Include="ChildrenDlg.cpp">
      <Filter>源文件</Filter>
    </ClCompile>
    <ClCompile Include="CoverDlg.cpp">
      <Filter>源文件</Filter>
    </ClCompile>
    <ClCompile Include="CVolThread.cpp">
      <Filter>源文件</Filter>
    </ClCompile>
    <ClCompile Include="DiskSettingDlg.cpp">
      <Filter>源文件</Filter>
    </ClCompile>
    <ClCompile Include="FinishDlg.cpp">
      <Filter>源文件</Filter>
    </ClCompile>
    <ClCompile Include="FormatDlg.cpp">
      <Filter>源文件</Filter>
    </ClCompile>
    <ClCompile Include="LoginDlg.cpp">
      <Filter>源文件</Filter>
    </ClCompile>
    <ClCompile Include="LoginWizdBzl.cpp">
      <Filter>源文件</Filter>
    </ClCompile>
    <ClCompile Include="LoginWizdDlg.cpp">
      <Filter>源文件</Filter>
    </ClCompile>
    <ClCompile Include="LoginWizdObj.cpp">
      <Filter>源文件</Filter>
    </ClCompile>
    <ClCompile Include="logiwiza.cpp">
      <Filter>源文件</Filter>
    </ClCompile>
    <ClCompile Include="ProxiesDlg.cpp">
      <Filter>源文件</Filter>
    </ClCompile>
    <ClCompile Include="stdafx.cpp">
      <Filter>源文件</Filter>
    </ClCompile>
    <ClCompile Include="..\clientcom\Anchor.cpp">
      <Filter>源文件\clientcom</Filter>
    </ClCompile>
    <ClCompile Include="..\clientcom\AnchorCache.cpp">
      <Filter>源文件\clientcom</Filter>
    </ClCompile>
    <ClCompile Include="..\clientcom\BuildHTable.cpp">
      <Filter>源文件\clientcom</Filter>
    </ClCompile>
    <ClCompile Include="..\clientcom\CheckSum.cpp">
      <Filter>源文件\clientcom</Filter>
    </ClCompile>
    <ClCompile Include="..\clientcom\ConfigurationBzl.cpp">
      <Filter>源文件\clientcom</Filter>
    </ClCompile>
    <ClCompile Include="..\clientcom\DirectSockets.cpp">
      <Filter>源文件\clientcom</Filter>
    </ClCompile>
    <ClCompile Include="..\clientcom\DiresVec.cpp">
      <Filter>源文件\clientcom</Filter>
    </ClCompile>
    <ClCompile Include="..\clientcom\DiresXml.cpp">
      <Filter>源文件\clientcom</Filter>
    </ClCompile>
    <ClCompile Include="..\clientcom\Encoding.cpp">
      <Filter>源文件\clientcom</Filter>
    </ClCompile>
    <ClCompile Include="..\clientcom\ErrPrint.cpp">
      <Filter>源文件\clientcom</Filter>
    </ClCompile>
    <ClCompile Include="..\clientcom\FileChks.cpp">
      <Filter>源文件\clientcom</Filter>
    </ClCompile>
    <ClCompile Include="..\clientcom\FilesVec.cpp">
      <Filter>源文件\clientcom</Filter>
    </ClCompile>
    <ClCompile Include="..\clientcom\FileUtility.cpp">
      <Filter>源文件\clientcom</Filter>
    </ClCompile>
    <ClCompile Include="..\clientcom\logger_ansi.cpp">
      <Filter>源文件\clientcom</Filter>
    </ClCompile>
    <ClCompile Include="..\clientcom\MatchUtility.cpp">
      <Filter>源文件\clientcom</Filter>
    </ClCompile>
    <ClCompile Include="..\clientcom\ParseConfig.cpp">
      <Filter>源文件\clientcom</Filter>
    </ClCompile>
    <ClCompile Include="..\clientcom\Privilege.cpp">
      <Filter>源文件\clientcom</Filter>
    </ClCompile>
    <ClCompile Include="..\clientcom\ProxyConnect.cpp">
      <Filter>源文件\clientcom</Filter>
    </ClCompile>
    <ClCompile Include="..\clientcom\ProxySockets.cpp">
      <Filter>源文件\clientcom</Filter>
    </ClCompile>
    <ClCompile Include="..\clientcom\QueryXml.cpp">
      <Filter>源文件\clientcom</Filter>
    </ClCompile>
    <ClCompile Include="..\clientcom\RegistXml.cpp">
      <Filter>源文件\clientcom</Filter>
    </ClCompile>
    <ClCompile Include="..\clientcom\ReplyComand.cpp">
      <Filter>源文件\clientcom</Filter>
    </ClCompile>
    <ClCompile Include="..\clientcom\ReplyHandler.cpp">
      <Filter>源文件\clientcom</Filter>
    </ClCompile>
    <ClCompile Include="..\clientcom\ReplySeionBzl.cpp">
      <Filter>源文件\clientcom</Filter>
    </ClCompile>
    <ClCompile Include="..\clientcom\SDTProtocol.cpp">
      <Filter>源文件\clientcom</Filter>
    </ClCompile>
    <ClCompile Include="..\clientcom\Session.cpp">
      <Filter>源文件\clientcom</Filter>
    </ClCompile>
    <ClCompile Include="..\clientcom\SettingsXml.cpp">
      <Filter>源文件\clientcom</Filter>
    </ClCompile>
    <ClCompile Include="..\clientcom\ShellUtility.cpp">
      <Filter>源文件\clientcom</Filter>
    </ClCompile>
    <ClCompile Include="..\clientcom\StringUtility.cpp">
      <Filter>源文件\clientcom</Filter>
    </ClCompile>
    <ClCompile Include="..\clientcom\TRANSSockets.cpp">
      <Filter>源文件\clientcom</Filter>
    </ClCompile>
    <ClCompile Include="..\clientcom\ValueLayer.cpp">
      <Filter>源文件\clientcom</Filter>
    </ClCompile>
    <ClCompile Include="..\clientcom\VolumeUtility.cpp">
      <Filter>源文件\clientcom</Filter>
    </ClCompile>
    <ClCompile Include="..\clientcom\utility\adler32.cpp">
      <Filter>源文件\clientcom\utility</Filter>
    </ClCompile>
    <ClCompile Include="..\clientcom\utility\base64.cpp">
      <Filter>源文件\clientcom\utility</Filter>
    </ClCompile>
    <ClCompile Include="..\clientcom\utility\hash_func.cpp">
      <Filter>源文件\clientcom\utility</Filter>
    </ClCompile>
    <ClCompile Include="..\clientcom\utility\hash_table.cpp">
      <Filter>源文件\clientcom\utility</Filter>
    </ClCompile>
    <ClCompile Include="..\clientcom\utility\md5.cpp">
      <Filter>源文件\clientcom\utility</Filter>
    </ClCompile>
    <ClCompile Include="..\clientcom\utility\strptime.cpp">
      <Filter>源文件\clientcom\utility</Filter>
    </ClCompile>
    <ClCompile Include="..\clientcom\utility\ulog.cpp">
      <Filter>源文件\clientcom\utility</Filter>
    </ClCompile>
    <ClCompile Include="..\third party\BinaryLogger.cpp">
      <Filter>源文件\third party</Filter>
    </ClCompile>
    <ClCompile Include="..\third party\BtnST.cpp">
      <Filter>源文件\third party</Filter>
    </ClCompile>
    <ClCompile Include="..\third party\DialogCode.cpp">
      <Filter>源文件\third party</Filter>
    </ClCompile>
    <ClCompile Include="..\third party\DirectoryChanges.cpp">
      <Filter>源文件\third party</Filter>
    </ClCompile>
    <ClCompile Include="..\third party\DirectoryHandler.cpp">
      <Filter>源文件\third party</Filter>
    </ClCompile>
    <ClCompile Include="..\third party\DiskUtility.cpp">
      <Filter>源文件\third party</Filter>
    </ClCompile>
    <ClCompile Include="..\third party\FileDisk.cpp">
      <Filter>源文件\third party</Filter>
    </ClCompile>
    <ClCompile Include="..\third party\FolderDialog.cpp">
      <Filter>源文件\third party</Filter>
    </ClCompile>
    <ClCompile Include="..\third party\InstallService.cpp">
      <Filter>源文件\third party</Filter>
    </ClCompile>
    <ClCompile Include="..\third party\LoadDriver.cpp">
      <Filter>源文件\third party</Filter>
    </ClCompile>
    <ClCompile Include="..\third party\Logger.cpp">
      <Filter>源文件\third party</Filter>
    </ClCompile>
    <ClCompile Include="..\third party\Markup.cpp">
      <Filter>源文件\third party</Filter>
    </ClCompile>
    <ClCompile Include="..\third party\memory_utility.cpp">
      <Filter>源文件\third party</Filter>
    </ClCompile>
    <ClCompile Include="..\third party\Subclass.cpp">
      <Filter>源文件\third party</Filter>
    </ClCompile>
    <ClCompile Include="..\third party\SystemCall.cpp">
      <Filter>源文件\third party</Filter>
    </ClCompile>
    <ClCompile Include="..\third party\tiny_map.cpp">
      <Filter>源文件\third party</Filter>
    </ClCompile>
    <ClCompile Include="..\third party\tiny_map64.cpp">
      <Filter>源文件\third party</Filter>
    </ClCompile>
    <ClCompile Include="..\third party\TrayIcon.cpp">
      <Filter>源文件\third party</Filter>
    </ClCompile>
    <ClCompile Include="..\third party\RiverFS\INodeUtility.cpp">
      <Filter>源文件\third party\RiverFS</Filter>
    </ClCompile>
  </ItemGroup>
  <ItemGroup>
    <ClInclude Include="ButtonDlg.h">
      <Filter>头文件</Filter>
    </ClInclude>
    <ClInclude Include="ChildrenDlg.h">
      <Filter>头文件</Filter>
    </ClInclude>
    <ClInclude Include="CoverDlg.h">
      <Filter>头文件</Filter>
    </ClInclude>
    <ClInclude Include="CVolThread.h">
      <Filter>头文件</Filter>
    </ClInclude>
    <ClInclude Include="DiskSettingDlg.h">
      <Filter>头文件</Filter>
    </ClInclude>
    <ClInclude Include="FinishDlg.h">
      <Filter>头文件</Filter>
    </ClInclude>
    <ClInclude Include="FormatDlg.h">
      <Filter>头文件</Filter>
    </ClInclude>
    <ClInclude Include="LoginDlg.h">
      <Filter>头文件</Filter>
    </ClInclude>
    <ClInclude Include="LoginWizdBzl.h">
      <Filter>头文件</Filter>
    </ClInclude>
    <ClInclude Include="LoginWizdDlg.h">
      <Filter>头文件</Filter>
    </ClInclude>
    <ClInclude Include="LoginWizdObj.h">
      <Filter>头文件</Filter>
    </ClInclude>
    <ClInclude Include="logiwiza.h">
      <Filter>头文件</Filter>
    </ClInclude>
    <ClInclude Include="ProxiesDlg.h">
      <Filter>头文件</Filter>
    </ClInclude>
    <ClInclude Include="Resource.h">
      <Filter>头文件</Filter>
    </ClInclude>
    <ClInclude Include="stdafx.h">
      <Filter>头文件</Filter>
    </ClInclude>
    <ClInclude Include="targetver.h">
      <Filter>头文件</Filter>
    </ClInclude>
    <ClInclude Include="..\clientcom\Anchor.h">
      <Filter>头文件\clientcom</Filter>
    </ClInclude>
    <ClInclude Include="..\clientcom\AnchorCache.h">
      <Filter>头文件\clientcom</Filter>
    </ClInclude>
    <ClInclude Include="..\clientcom\BuildHTable.h">
      <Filter>头文件\clientcom</Filter>
    </ClInclude>
    <ClInclude Include="..\clientcom\CheckSum.h">
      <Filter>头文件\clientcom</Filter>
    </ClInclude>
    <ClInclude Include="..\clientcom\common_macro.h">
      <Filter>头文件\clientcom</Filter>
    </ClInclude>
    <ClInclude Include="..\clientcom\ConfigurationBzl.h">
      <Filter>头文件\clientcom</Filter>
    </ClInclude>
    <ClInclude Include="..\clientcom\DirectSockets.h">
      <Filter>头文件\clientcom</Filter>
    </ClInclude>
    <ClInclude Include="..\clientcom\DiresVec.h">
      <Filter>头文件\clientcom</Filter>
    </ClInclude>
    <ClInclude Include="..\clientcom\DiresXml.h">
      <Filter>头文件\clientcom</Filter>
    </ClInclude>
    <ClInclude Include="..\clientcom\Encoding.h">
      <Filter>头文件\clientcom</Filter>
    </ClInclude>
    <ClInclude Include="..\clientcom\ErrorCode.h">
      <Filter>头文件\clientcom</Filter>
    </ClInclude>
    <ClInclude Include="..\clientcom\ErrPrint.h">
      <Filter>头文件\clientcom</Filter>
    </ClInclude>
    <ClInclude Include="..\clientcom\FileChks.h">
      <Filter>头文件\clientcom</Filter>
    </ClInclude>
    <ClInclude Include="..\clientcom\FilesVec.h">
      <Filter>头文件\clientcom</Filter>
    </ClInclude>
    <ClInclude Include="..\clientcom\FileUtility.h">
      <Filter>头文件\clientcom</Filter>
    </ClInclude>
    <ClInclude Include="..\clientcom\logger_ansi.h">
      <Filter>头文件\clientcom</Filter>
    </ClInclude>
    <ClInclude Include="..\clientcom\lwizard_macro.h">
      <Filter>头文件\clientcom</Filter>
    </ClInclude>
    <ClInclude Include="..\clientcom\lwizardcom.h">
      <Filter>头文件\clientcom</Filter>
    </ClInclude>
    <ClInclude Include="..\clientcom\MatchUtility.h">
      <Filter>头文件\clientcom</Filter>
    </ClInclude>
    <ClInclude Include="..\clientcom\ParseConfig.h">
      <Filter>头文件\clientcom</Filter>
    </ClInclude>
    <ClInclude Include="..\clientcom\Privilege.h">
      <Filter>头文件\clientcom</Filter>
    </ClInclude>
    <ClInclude Include="..\clientcom\ProxyConnect.h">
      <Filter>头文件\clientcom</Filter>
    </ClInclude>
    <ClInclude Include="..\clientcom\ProxySockets.h">
      <Filter>头文件\clientcom</Filter>
    </ClInclude>
    <ClInclude Include="..\clientcom\QueryXml.h">
      <Filter>头文件\clientcom</Filter>
    </ClInclude>
    <ClInclude Include="..\clientcom\RegistXml.h">
      <Filter>头文件\clientcom</Filter>
    </ClInclude>
    <ClInclude Include="..\clientcom\ReplyComand.h">
      <Filter>头文件\clientcom</Filter>
    </ClInclude>
    <ClInclude Include="..\clientcom\ReplyHandler.h">
      <Filter>头文件\clientcom</Filter>
    </ClInclude>
    <ClInclude Include="..\clientcom\ReplySeionBzl.h">
      <Filter>头文件\clientcom</Filter>
    </ClInclude>
    <ClInclude Include="..\clientcom\SDTProtocol.h">
      <Filter>头文件\clientcom</Filter>
    </ClInclude>
    <ClInclude Include="..\clientcom\Session.h">
      <Filter>头文件\clientcom</Filter>
    </ClInclude>
    <ClInclude Include="..\clientcom\SettingsXml.h">
      <Filter>头文件\clientcom</Filter>
    </ClInclude>
    <ClInclude Include="..\clientcom\ShellUtility.h">
      <Filter>头文件\clientcom</Filter>
    </ClInclude>
    <ClInclude Include="..\clientcom\StringUtility.h">
      <Filter>头文件\clientcom</Filter>
    </ClInclude>
    <ClInclude Include="..\clientcom\TRANSSockets.h">
      <Filter>头文件\clientcom</Filter>
    </ClInclude>
    <ClInclude Include="..\clientcom\ValueLayer.h">
      <Filter>头文件\clientcom</Filter>
    </ClInclude>
    <ClInclude Include="..\clientcom\VolumeUtility.h">
      <Filter>头文件\clientcom</Filter>
    </ClInclude>
    <ClInclude Include="..\clientcom\utility\adler32.h">
      <Filter>头文件\clientcom\utility</Filter>
    </ClInclude>
    <ClInclude Include="..\clientcom\utility\base64.h">
      <Filter>头文件\clientcom\utility</Filter>
    </ClInclude>
    <ClInclude Include="..\clientcom\utility\hash_func.h">
      <Filter>头文件\clientcom\utility</Filter>
    </ClInclude>
    <ClInclude Include="..\clientcom\utility\hash_table.h">
      <Filter>头文件\clientcom\utility</Filter>
    </ClInclude>
    <ClInclude Include="..\clientcom\utility\md5.h">
      <Filter>头文件\clientcom\utility</Filter>
    </ClInclude>
    <ClInclude Include="..\clientcom\utility\strptime.h">
      <Filter>头文件\clientcom\utility</Filter>
    </ClInclude>
    <ClInclude Include="..\clientcom\utility\ulog.h">
      <Filter>头文件\clientcom\utility</Filter>
    </ClInclude>
    <ClInclude Include="..\third party\BinaryLogger.h">
      <Filter>头文件\third party</Filter>
    </ClInclude>
    <ClInclude Include="..\third party\BtnST.h">
      <Filter>头文件\third party</Filter>
    </ClInclude>
    <ClInclude Include="..\third party\DialogCode.h">
      <Filter>头文件\third party</Filter>
    </ClInclude>
    <ClInclude Include="..\third party\DirectoryChanges.h">
      <Filter>头文件\third party</Filter>
    </ClInclude>
    <ClInclude Include="..\third party\DirectoryHandler.h">
      <Filter>头文件\third party</Filter>
    </ClInclude>
    <ClInclude Include="..\third party\DiskUtility.h">
      <Filter>头文件\third party</Filter>
    </ClInclude>
    <ClInclude Include="..\third party\FileDisk.h">
      <Filter>头文件\third party</Filter>
    </ClInclude>
    <ClInclude Include="..\third party\fmifs.h">
      <Filter>头文件\third party</Filter>
    </ClInclude>
    <ClInclude Include="..\third party\FolderDialog.h">
      <Filter>头文件\third party</Filter>
    </ClInclude>
    <ClInclude Include="..\third party\InstallService.h">
      <Filter>头文件\third party</Filter>
    </ClInclude>
    <ClInclude Include="..\third party\LoadDriver.h">
      <Filter>头文件\third party</Filter>
    </ClInclude>
    <ClInclude Include="..\third party\Logger.h">
      <Filter>头文件\third party</Filter>
    </ClInclude>
    <ClInclude Include="..\third party\Markup.h">
      <Filter>头文件\third party</Filter>
    </ClInclude>
    <ClInclude Include="..\third party\memory_utility.h">
      <Filter>头文件\third party</Filter>
    </ClInclude>
    <ClInclude Include="..\third party\Subclass.h">
      <Filter>头文件\third party</Filter>
    </ClInclude>
    <ClInclude Include="..\third party\SystemCall.h">
      <Filter>头文件\third party</Filter>
    </ClInclude>
    <ClInclude Include="..\third party\third_party.h">
      <Filter>头文件\third party</Filter>
    </ClInclude>
    <ClInclude Include="..\third party\tiny_map.h">
      <Filter>头文件\third party</Filter>
    </ClInclude>
    <ClInclude Include="..\third party\tiny_map64.h">
      <Filter>头文件\third party</Filter>
    </ClInclude>
    <ClInclude Include="..\third party\TrayIcon.h">
      <Filter>头文件\third party</Filter>
    </ClInclude>
    <ClInclude Include="..\third party\RiverFS\INodeUtility.h">
      <Filter>头文件\third party\RiverFS</Filter>
    </ClInclude>
  </ItemGroup>
  <ItemGroup>
    <Xml Include="..\clientcom\AccessControl.xml">
      <Filter>头文件\clientcom</Filter>
    </Xml>
    <Xml Include="..\clientcom\Configuration.xml">
      <Filter>头文件\clientcom</Filter>
    </Xml>
  </ItemGroup>
  <ItemGroup>
    <Image Include="res\logiwiza.ico">
      <Filter>资源文件</Filter>
    </Image>
    <Image Include="res\sdwizard.bmp">
      <Filter>资源文件</Filter>
    </Image>
  </ItemGroup>
  <ItemGroup>
    <ResourceCompile Include="logiwiza.rc">
      <Filter>资源文件</Filter>
    </ResourceCompile>
  </ItemGroup>
  <ItemGroup>
    <None Include="res\logiwiza.rc2">
      <Filter>资源文件</Filter>
    </None>
  </ItemGroup>
  <ItemGroup>
    <Text Include="ReadMe.txt" />
  </ItemGroup>
</Project>