
Microsoft Visual Studio Solution File, Format Version 12.00
# Visual Studio 2013
VisualStudioVersion = 12.0.30501.0
MinimumVisualStudioVersion = 10.0.40219.1
Project("{2150E333-8FDC-42A3-9474-1A3956D46DE8}") = "Solution Items", "Solution Items", "{53BE04D1-8893-4F71-9C47-0742AD8B6BC5}"
EndProject
Project("{2150E333-8FDC-42A3-9474-1A3956D46DE8}") = "BuildScripts", "BuildScripts", "{A2DF91C8-E12C-4EC0-AA4F-B4020F83EA99}"
EndProject
Project("{2150E333-8FDC-42A3-9474-1A3956D46DE8}") = "LanguageDlls", "LanguageDlls", "{8FEACEEA-F6F0-40A3-B19F-9613D67FCFF0}"
EndProject
Project("{2150E333-8FDC-42A3-9474-1A3956D46DE8}") = "Utilities", "Utilities", "{9E9FEB31-D271-46CA-BDC8-81E8D2BDE4A5}"
EndProject
Project("{8BC9CEB8-8B4A-11D0-8D11-00A0C91BC942}") = "SWDOverlays", "SWDOverlays\SWDOverlays.vcxproj", "{833A377B-FC97-4AA9-82A3-31CC73445342}"
EndProject
Project("{8BC9CEB8-8B4A-11D0-8D11-00A0C91BC942}") = "sdclient", "sdclient\sdclient.vcxproj", "{DA47C6AE-C6BF-4973-83F8-A704ADCD0FA9}"
EndProject
Project("{8BC9CEB8-8B4A-11D0-8D11-00A0C91BC942}") = "sdshare", "sdshare\sdshare.vcxproj", "{100FA7DA-50A7-4F52-999F-7F2C38EB5CC9}"
EndProject
Project("{8BC9CEB8-8B4A-11D0-8D11-00A0C91BC942}") = "logiwiza", "logiwiza\logiwiza.vcxproj", "{9CD2705B-CED4-4E26-84E3-AC688D4483E8}"
EndProject
Project("{8BC9CEB8-8B4A-11D0-8D11-00A0C91BC942}") = "liveupda", "liveupda\liveupda.vcxproj", "{F791BF82-5E14-4BFC-9E5F-60D3D76A787A}"
EndProject
Project("{8BC9CEB8-8B4A-11D0-8D11-00A0C91BC942}") = "sdservi", "sdservi\sdservi.vcxproj", "{A14F2D66-32C3-46D6-8823-8FDCC9C1CB29}"
EndProject
Global
	GlobalSection(SolutionConfigurationPlatforms) = preSolution
		Debug|Win32 = Debug|Win32
		Debug|x64 = Debug|x64
		Release|Win32 = Release|Win32
		Release|x64 = Release|x64
	EndGlobalSection
	GlobalSection(ProjectConfigurationPlatforms) = postSolution
		{833A377B-FC97-4AA9-82A3-31CC73445342}.Debug|Win32.ActiveCfg = Debug|Win32
		{833A377B-FC97-4AA9-82A3-31CC73445342}.Debug|Win32.Build.0 = Debug|Win32
		{833A377B-FC97-4AA9-82A3-31CC73445342}.Debug|x64.ActiveCfg = Debug|x64
		{833A377B-FC97-4AA9-82A3-31CC73445342}.Debug|x64.Build.0 = Debug|x64
		{833A377B-FC97-4AA9-82A3-31CC73445342}.Release|Win32.ActiveCfg = Release|Win32
		{833A377B-FC97-4AA9-82A3-31CC73445342}.Release|Win32.Build.0 = Release|Win32
		{833A377B-FC97-4AA9-82A3-31CC73445342}.Release|x64.ActiveCfg = Release|x64
		{833A377B-FC97-4AA9-82A3-31CC73445342}.Release|x64.Build.0 = Release|x64
		{DA47C6AE-C6BF-4973-83F8-A704ADCD0FA9}.Debug|Win32.ActiveCfg = Debug|Win32
		{DA47C6AE-C6BF-4973-83F8-A704ADCD0FA9}.Debug|Win32.Build.0 = Debug|Win32
		{DA47C6AE-C6BF-4973-83F8-A704ADCD0FA9}.Debug|x64.ActiveCfg = Debug|Win32
		{DA47C6AE-C6BF-4973-83F8-A704ADCD0FA9}.Release|Win32.ActiveCfg = Release|Win32
		{DA47C6AE-C6BF-4973-83F8-A704ADCD0FA9}.Release|Win32.Build.0 = Release|Win32
		{DA47C6AE-C6BF-4973-83F8-A704ADCD0FA9}.Release|x64.ActiveCfg = Release|x64
		{DA47C6AE-C6BF-4973-83F8-A704ADCD0FA9}.Release|x64.Build.0 = Release|x64
		{100FA7DA-50A7-4F52-999F-7F2C38EB5CC9}.Debug|Win32.ActiveCfg = Debug|Win32
		{100FA7DA-50A7-4F52-999F-7F2C38EB5CC9}.Debug|Win32.Build.0 = Debug|Win32
		{100FA7DA-50A7-4F52-999F-7F2C38EB5CC9}.Debug|x64.ActiveCfg = Debug|Win32
		{100FA7DA-50A7-4F52-999F-7F2C38EB5CC9}.Release|Win32.ActiveCfg = Release|Win32
		{100FA7DA-50A7-4F52-999F-7F2C38EB5CC9}.Release|Win32.Build.0 = Release|Win32
		{100FA7DA-50A7-4F52-999F-7F2C38EB5CC9}.Release|x64.ActiveCfg = Release|x64
		{100FA7DA-50A7-4F52-999F-7F2C38EB5CC9}.Release|x64.Build.0 = Release|x64
		{9CD2705B-CED4-4E26-84E3-AC688D4483E8}.Debug|Win32.ActiveCfg = Debug|Win32
		{9CD2705B-CED4-4E26-84E3-AC688D4483E8}.Debug|Win32.Build.0 = Debug|Win32
		{9CD2705B-CED4-4E26-84E3-AC688D4483E8}.Debug|x64.ActiveCfg = Debug|Win32
		{9CD2705B-CED4-4E26-84E3-AC688D4483E8}.Release|Win32.ActiveCfg = Release|Win32
		{9CD2705B-CED4-4E26-84E3-AC688D4483E8}.Release|Win32.Build.0 = Release|Win32
		{9CD2705B-CED4-4E26-84E3-AC688D4483E8}.Release|x64.ActiveCfg = Release|x64
		{9CD2705B-CED4-4E26-84E3-AC688D4483E8}.Release|x64.Build.0 = Release|x64
		{F791BF82-5E14-4BFC-9E5F-60D3D76A787A}.Debug|Win32.ActiveCfg = Debug|Win32
		{F791BF82-5E14-4BFC-9E5F-60D3D76A787A}.Debug|Win32.Build.0 = Debug|Win32
		{F791BF82-5E14-4BFC-9E5F-60D3D76A787A}.Debug|x64.ActiveCfg = Debug|Win32
		{F791BF82-5E14-4BFC-9E5F-60D3D76A787A}.Release|Win32.ActiveCfg = Release|Win32
		{F791BF82-5E14-4BFC-9E5F-60D3D76A787A}.Release|Win32.Build.0 = Release|Win32
		{F791BF82-5E14-4BFC-9E5F-60D3D76A787A}.Release|x64.ActiveCfg = Release|x64
		{F791BF82-5E14-4BFC-9E5F-60D3D76A787A}.Release|x64.Build.0 = Release|x64
		{A14F2D66-32C3-46D6-8823-8FDCC9C1CB29}.Debug|Win32.ActiveCfg = Debug|Win32
		{A14F2D66-32C3-46D6-8823-8FDCC9C1CB29}.Debug|Win32.Build.0 = Debug|Win32
		{A14F2D66-32C3-46D6-8823-8FDCC9C1CB29}.Debug|x64.ActiveCfg = Debug|Win32
		{A14F2D66-32C3-46D6-8823-8FDCC9C1CB29}.Release|Win32.ActiveCfg = Release|Win32
		{A14F2D66-32C3-46D6-8823-8FDCC9C1CB29}.Release|Win32.Build.0 = Release|Win32
		{A14F2D66-32C3-46D6-8823-8FDCC9C1CB29}.Release|x64.ActiveCfg = Release|x64
		{A14F2D66-32C3-46D6-8823-8FDCC9C1CB29}.Release|x64.Build.0 = Release|x64
	EndGlobalSection
	GlobalSection(SolutionProperties) = preSolution
		HideSolutionNode = FALSE
	EndGlobalSection
	GlobalSection(NestedProjects) = preSolution
		{833A377B-FC97-4AA9-82A3-31CC73445342} = {9E9FEB31-D271-46CA-BDC8-81E8D2BDE4A5}
		{DA47C6AE-C6BF-4973-83F8-A704ADCD0FA9} = {53BE04D1-8893-4F71-9C47-0742AD8B6BC5}
		{100FA7DA-50A7-4F52-999F-7F2C38EB5CC9} = {53BE04D1-8893-4F71-9C47-0742AD8B6BC5}
		{9CD2705B-CED4-4E26-84E3-AC688D4483E8} = {53BE04D1-8893-4F71-9C47-0742AD8B6BC5}
		{F791BF82-5E14-4BFC-9E5F-60D3D76A787A} = {53BE04D1-8893-4F71-9C47-0742AD8B6BC5}
		{A14F2D66-32C3-46D6-8823-8FDCC9C1CB29} = {9E9FEB31-D271-46CA-BDC8-81E8D2BDE4A5}
	EndGlobalSection
EndGlobal
